
Microsoft Visual Studio Solution File, Format Version 12.00
Project("{FAE04EC0-301F-11D3-BF4B-00C04F79EFBC}") = "WebApp", "WebApp\WebApp.csproj", "{6044E781-1C06-4DCB-9320-AEB68A1980D3}"
EndProject
Project("{2150E333-8FDC-42A3-9474-1A3956D46DE8}") = "Solution Items", "Solution Items", "{DDCB89BC-87A0-4CC8-A2F4-285FA28C33E4}"
	ProjectSection(SolutionItems) = preProject
		..\.gitignore = ..\.gitignore
		Directory.Build.props = Directory.Build.props
		README.md = README.md
		Dockerfile = Dockerfile
		.dockerignore = .dockerignore
		..\docker-compose.yml = ..\docker-compose.yml
	EndProjectSection
EndProject
Project("{2150E333-8FDC-42A3-9474-1A3956D46DE8}") = "APP", "APP", "{5F87C659-C7C3-4150-9613-15381CB0AF0C}"
EndProject
Project("{2150E333-8FDC-42A3-9474-1A3956D46DE8}") = "BASE", "BASE", "{0520B85E-47A9-4249-9D5D-ACC78281ABF5}"
EndProject
Project("{FAE04EC0-301F-11D3-BF4B-00C04F79EFBC}") = "Domain.Base", "Domain.Base\Domain.Base.csproj", "{D40A5987-250C-49BF-A8AA-596EBA9539A4}"
EndProject
Project("{2150E333-8FDC-42A3-9474-1A3956D46DE8}") = "Contracts", "Contracts", "{6574FE87-99B6-45EB-971E-A4CFB611700E}"
EndProject
Project("{FAE04EC0-301F-11D3-BF4B-00C04F79EFBC}") = "Domain.Contracts.Base", "Domain.Contracts.Base\Domain.Contracts.Base.csproj", "{1FDC486C-96D2-4D31-BC48-F85033744F6D}"
EndProject
Project("{FAE04EC0-301F-11D3-BF4B-00C04F79EFBC}") = "DAL.EF.App", "DAL.EF.App\DAL.EF.App.csproj", "{A31E1D98-B1CC-4AA4-99C1-705DC375AF68}"
EndProject
Project("{FAE04EC0-301F-11D3-BF4B-00C04F79EFBC}") = "Domain.App", "Domain.App\Domain.App.csproj", "{4560E0CF-3408-4BCE-B996-4DB920E523F6}"
EndProject
Project("{FAE04EC0-301F-11D3-BF4B-00C04F79EFBC}") = "DAL.Contracts.Base", "DAL.Contracts.Base\DAL.Contracts.Base.csproj", "{A283E074-45E6-4951-8F61-0635FCF03A55}"
EndProject
Project("{FAE04EC0-301F-11D3-BF4B-00C04F79EFBC}") = "DAL.EF.Base", "DAL.EF.Base\DAL.EF.Base.csproj", "{A03557A5-65B5-4EBB-842F-024F26C758F7}"
EndProject
Project("{2150E333-8FDC-42A3-9474-1A3956D46DE8}") = "Contracts", "Contracts", "{48D6981F-2066-410A-8AF2-90D160F51093}"
EndProject
Project("{FAE04EC0-301F-11D3-BF4B-00C04F79EFBC}") = "DAL.Contracts.App", "DAL.Contracts.App\DAL.Contracts.App.csproj", "{E3E5AC87-148A-4A81-96AC-B5F60BB6BBFA}"
EndProject
Project("{FAE04EC0-301F-11D3-BF4B-00C04F79EFBC}") = "Tests", "Tests\Tests.csproj", "{B8A2A609-D80D-470C-9747-6E36431EA004}"
EndProject
Project("{FAE04EC0-301F-11D3-BF4B-00C04F79EFBC}") = "Public.DTO", "Public.DTO\Public.DTO.csproj", "{33B261E9-E27B-407A-98C8-B50D022D619E}"
EndProject
Project("{FAE04EC0-301F-11D3-BF4B-00C04F79EFBC}") = "Helpers.Base", "Helpers.Base\Helpers.Base.csproj", "{246B1BF7-EC7D-4525-AAAE-E3E3F82816AF}"
EndProject
Project("{FAE04EC0-301F-11D3-BF4B-00C04F79EFBC}") = "Contracts.Base", "Contracts.Base\Contracts.Base.csproj", "{1B72CDAA-D4C5-438E-A8B0-0501E9265C7C}"
EndProject
Project("{FAE04EC0-301F-11D3-BF4B-00C04F79EFBC}") = "DAL.Base", "DAL.Base\DAL.Base.csproj", "{BEA2CA40-56A1-42C8-A68C-C7BFFF6FC392}"
EndProject
Project("{FAE04EC0-301F-11D3-BF4B-00C04F79EFBC}") = "DAL.DTO", "DAL.DTO\DAL.DTO.csproj", "{650C94F0-01BC-4445-852F-F4F6C7ED24B8}"
EndProject
Project("{FAE04EC0-301F-11D3-BF4B-00C04F79EFBC}") = "BLL.Contracts.Base", "BLL.Contracts.Base\BLL.Contracts.Base.csproj", "{1EABD438-4107-46C5-BA35-7B4BD244C05A}"
EndProject
Project("{FAE04EC0-301F-11D3-BF4B-00C04F79EFBC}") = "BLL.Base", "BLL.Base\BLL.Base.csproj", "{61D88673-1BA4-4C5E-8DC8-28ED3AFD8EA2}"
EndProject
Project("{FAE04EC0-301F-11D3-BF4B-00C04F79EFBC}") = "BLL.App", "BLL.App\BLL.App.csproj", "{E5DD7B09-8D35-46DF-9EAF-171D024679F2}"
EndProject
Project("{FAE04EC0-301F-11D3-BF4B-00C04F79EFBC}") = "BLL.DTO", "BLL.DTO\BLL.DTO.csproj", "{E6FDF94B-19C6-41B7-94E3-A22EAF9838A1}"
EndProject
Project("{FAE04EC0-301F-11D3-BF4B-00C04F79EFBC}") = "BLL.Contracts.App", "BLL.Contracts.App\BLL.Contracts.App.csproj", "{B5D6987B-DE23-431A-9A06-8083B91490ED}"
EndProject
Global
	GlobalSection(SolutionConfigurationPlatforms) = preSolution
		Debug|Any CPU = Debug|Any CPU
		Release|Any CPU = Release|Any CPU
	EndGlobalSection
	GlobalSection(ProjectConfigurationPlatforms) = postSolution
		{6044E781-1C06-4DCB-9320-AEB68A1980D3}.Debug|Any CPU.ActiveCfg = Debug|Any CPU
		{6044E781-1C06-4DCB-9320-AEB68A1980D3}.Debug|Any CPU.Build.0 = Debug|Any CPU
		{6044E781-1C06-4DCB-9320-AEB68A1980D3}.Release|Any CPU.ActiveCfg = Release|Any CPU
		{6044E781-1C06-4DCB-9320-AEB68A1980D3}.Release|Any CPU.Build.0 = Release|Any CPU
		{D40A5987-250C-49BF-A8AA-596EBA9539A4}.Debug|Any CPU.ActiveCfg = Debug|Any CPU
		{D40A5987-250C-49BF-A8AA-596EBA9539A4}.Debug|Any CPU.Build.0 = Debug|Any CPU
		{D40A5987-250C-49BF-A8AA-596EBA9539A4}.Release|Any CPU.ActiveCfg = Release|Any CPU
		{D40A5987-250C-49BF-A8AA-596EBA9539A4}.Release|Any CPU.Build.0 = Release|Any CPU
		{1FDC486C-96D2-4D31-BC48-F85033744F6D}.Debug|Any CPU.ActiveCfg = Debug|Any CPU
		{1FDC486C-96D2-4D31-BC48-F85033744F6D}.Debug|Any CPU.Build.0 = Debug|Any CPU
		{1FDC486C-96D2-4D31-BC48-F85033744F6D}.Release|Any CPU.ActiveCfg = Release|Any CPU
		{1FDC486C-96D2-4D31-BC48-F85033744F6D}.Release|Any CPU.Build.0 = Release|Any CPU
		{A31E1D98-B1CC-4AA4-99C1-705DC375AF68}.Debug|Any CPU.ActiveCfg = Debug|Any CPU
		{A31E1D98-B1CC-4AA4-99C1-705DC375AF68}.Debug|Any CPU.Build.0 = Debug|Any CPU
		{A31E1D98-B1CC-4AA4-99C1-705DC375AF68}.Release|Any CPU.ActiveCfg = Release|Any CPU
		{A31E1D98-B1CC-4AA4-99C1-705DC375AF68}.Release|Any CPU.Build.0 = Release|Any CPU
		{4560E0CF-3408-4BCE-B996-4DB920E523F6}.Debug|Any CPU.ActiveCfg = Debug|Any CPU
		{4560E0CF-3408-4BCE-B996-4DB920E523F6}.Debug|Any CPU.Build.0 = Debug|Any CPU
		{4560E0CF-3408-4BCE-B996-4DB920E523F6}.Release|Any CPU.ActiveCfg = Release|Any CPU
		{4560E0CF-3408-4BCE-B996-4DB920E523F6}.Release|Any CPU.Build.0 = Release|Any CPU
		{A283E074-45E6-4951-8F61-0635FCF03A55}.Debug|Any CPU.ActiveCfg = Debug|Any CPU
		{A283E074-45E6-4951-8F61-0635FCF03A55}.Debug|Any CPU.Build.0 = Debug|Any CPU
		{A283E074-45E6-4951-8F61-0635FCF03A55}.Release|Any CPU.ActiveCfg = Release|Any CPU
		{A283E074-45E6-4951-8F61-0635FCF03A55}.Release|Any CPU.Build.0 = Release|Any CPU
		{A03557A5-65B5-4EBB-842F-024F26C758F7}.Debug|Any CPU.ActiveCfg = Debug|Any CPU
		{A03557A5-65B5-4EBB-842F-024F26C758F7}.Debug|Any CPU.Build.0 = Debug|Any CPU
		{A03557A5-65B5-4EBB-842F-024F26C758F7}.Release|Any CPU.ActiveCfg = Release|Any CPU
		{A03557A5-65B5-4EBB-842F-024F26C758F7}.Release|Any CPU.Build.0 = Release|Any CPU
		{E3E5AC87-148A-4A81-96AC-B5F60BB6BBFA}.Debug|Any CPU.ActiveCfg = Debug|Any CPU
		{E3E5AC87-148A-4A81-96AC-B5F60BB6BBFA}.Debug|Any CPU.Build.0 = Debug|Any CPU
		{E3E5AC87-148A-4A81-96AC-B5F60BB6BBFA}.Release|Any CPU.ActiveCfg = Release|Any CPU
		{E3E5AC87-148A-4A81-96AC-B5F60BB6BBFA}.Release|Any CPU.Build.0 = Release|Any CPU
		{B8A2A609-D80D-470C-9747-6E36431EA004}.Debug|Any CPU.ActiveCfg = Debug|Any CPU
		{B8A2A609-D80D-470C-9747-6E36431EA004}.Debug|Any CPU.Build.0 = Debug|Any CPU
		{B8A2A609-D80D-470C-9747-6E36431EA004}.Release|Any CPU.ActiveCfg = Release|Any CPU
		{B8A2A609-D80D-470C-9747-6E36431EA004}.Release|Any CPU.Build.0 = Release|Any CPU
		{33B261E9-E27B-407A-98C8-B50D022D619E}.Debug|Any CPU.ActiveCfg = Debug|Any CPU
		{33B261E9-E27B-407A-98C8-B50D022D619E}.Debug|Any CPU.Build.0 = Debug|Any CPU
		{33B261E9-E27B-407A-98C8-B50D022D619E}.Release|Any CPU.ActiveCfg = Release|Any CPU
		{33B261E9-E27B-407A-98C8-B50D022D619E}.Release|Any CPU.Build.0 = Release|Any CPU
		{246B1BF7-EC7D-4525-AAAE-E3E3F82816AF}.Debug|Any CPU.ActiveCfg = Debug|Any CPU
		{246B1BF7-EC7D-4525-AAAE-E3E3F82816AF}.Debug|Any CPU.Build.0 = Debug|Any CPU
		{246B1BF7-EC7D-4525-AAAE-E3E3F82816AF}.Release|Any CPU.ActiveCfg = Release|Any CPU
		{246B1BF7-EC7D-4525-AAAE-E3E3F82816AF}.Release|Any CPU.Build.0 = Release|Any CPU
		{1B72CDAA-D4C5-438E-A8B0-0501E9265C7C}.Debug|Any CPU.ActiveCfg = Debug|Any CPU
		{1B72CDAA-D4C5-438E-A8B0-0501E9265C7C}.Debug|Any CPU.Build.0 = Debug|Any CPU
		{1B72CDAA-D4C5-438E-A8B0-0501E9265C7C}.Release|Any CPU.ActiveCfg = Release|Any CPU
		{1B72CDAA-D4C5-438E-A8B0-0501E9265C7C}.Release|Any CPU.Build.0 = Release|Any CPU
		{BEA2CA40-56A1-42C8-A68C-C7BFFF6FC392}.Debug|Any CPU.ActiveCfg = Debug|Any CPU
		{BEA2CA40-56A1-42C8-A68C-C7BFFF6FC392}.Debug|Any CPU.Build.0 = Debug|Any CPU
		{BEA2CA40-56A1-42C8-A68C-C7BFFF6FC392}.Release|Any CPU.ActiveCfg = Release|Any CPU
		{BEA2CA40-56A1-42C8-A68C-C7BFFF6FC392}.Release|Any CPU.Build.0 = Release|Any CPU
		{650C94F0-01BC-4445-852F-F4F6C7ED24B8}.Debug|Any CPU.ActiveCfg = Debug|Any CPU
		{650C94F0-01BC-4445-852F-F4F6C7ED24B8}.Debug|Any CPU.Build.0 = Debug|Any CPU
		{650C94F0-01BC-4445-852F-F4F6C7ED24B8}.Release|Any CPU.ActiveCfg = Release|Any CPU
		{650C94F0-01BC-4445-852F-F4F6C7ED24B8}.Release|Any CPU.Build.0 = Release|Any CPU
		{1EABD438-4107-46C5-BA35-7B4BD244C05A}.Debug|Any CPU.ActiveCfg = Debug|Any CPU
		{1EABD438-4107-46C5-BA35-7B4BD244C05A}.Debug|Any CPU.Build.0 = Debug|Any CPU
		{1EABD438-4107-46C5-BA35-7B4BD244C05A}.Release|Any CPU.ActiveCfg = Release|Any CPU
		{1EABD438-4107-46C5-BA35-7B4BD244C05A}.Release|Any CPU.Build.0 = Release|Any CPU
		{61D88673-1BA4-4C5E-8DC8-28ED3AFD8EA2}.Debug|Any CPU.ActiveCfg = Debug|Any CPU
		{61D88673-1BA4-4C5E-8DC8-28ED3AFD8EA2}.Debug|Any CPU.Build.0 = Debug|Any CPU
		{61D88673-1BA4-4C5E-8DC8-28ED3AFD8EA2}.Release|Any CPU.ActiveCfg = Release|Any CPU
		{61D88673-1BA4-4C5E-8DC8-28ED3AFD8EA2}.Release|Any CPU.Build.0 = Release|Any CPU
		{E5DD7B09-8D35-46DF-9EAF-171D024679F2}.Debug|Any CPU.ActiveCfg = Debug|Any CPU
		{E5DD7B09-8D35-46DF-9EAF-171D024679F2}.Debug|Any CPU.Build.0 = Debug|Any CPU
		{E5DD7B09-8D35-46DF-9EAF-171D024679F2}.Release|Any CPU.ActiveCfg = Release|Any CPU
		{E5DD7B09-8D35-46DF-9EAF-171D024679F2}.Release|Any CPU.Build.0 = Release|Any CPU
		{E6FDF94B-19C6-41B7-94E3-A22EAF9838A1}.Debug|Any CPU.ActiveCfg = Debug|Any CPU
		{E6FDF94B-19C6-41B7-94E3-A22EAF9838A1}.Debug|Any CPU.Build.0 = Debug|Any CPU
		{E6FDF94B-19C6-41B7-94E3-A22EAF9838A1}.Release|Any CPU.ActiveCfg = Release|Any CPU
		{E6FDF94B-19C6-41B7-94E3-A22EAF9838A1}.Release|Any CPU.Build.0 = Release|Any CPU
		{B5D6987B-DE23-431A-9A06-8083B91490ED}.Debug|Any CPU.ActiveCfg = Debug|Any CPU
		{B5D6987B-DE23-431A-9A06-8083B91490ED}.Debug|Any CPU.Build.0 = Debug|Any CPU
		{B5D6987B-DE23-431A-9A06-8083B91490ED}.Release|Any CPU.ActiveCfg = Release|Any CPU
		{B5D6987B-DE23-431A-9A06-8083B91490ED}.Release|Any CPU.Build.0 = Release|Any CPU
	EndGlobalSection
	GlobalSection(NestedProjects) = preSolution
		{6044E781-1C06-4DCB-9320-AEB68A1980D3} = {5F87C659-C7C3-4150-9613-15381CB0AF0C}
		{D40A5987-250C-49BF-A8AA-596EBA9539A4} = {0520B85E-47A9-4249-9D5D-ACC78281ABF5}
		{6574FE87-99B6-45EB-971E-A4CFB611700E} = {0520B85E-47A9-4249-9D5D-ACC78281ABF5}
		{1FDC486C-96D2-4D31-BC48-F85033744F6D} = {6574FE87-99B6-45EB-971E-A4CFB611700E}
		{A31E1D98-B1CC-4AA4-99C1-705DC375AF68} = {5F87C659-C7C3-4150-9613-15381CB0AF0C}
		{4560E0CF-3408-4BCE-B996-4DB920E523F6} = {5F87C659-C7C3-4150-9613-15381CB0AF0C}
		{A283E074-45E6-4951-8F61-0635FCF03A55} = {6574FE87-99B6-45EB-971E-A4CFB611700E}
		{A03557A5-65B5-4EBB-842F-024F26C758F7} = {0520B85E-47A9-4249-9D5D-ACC78281ABF5}
		{48D6981F-2066-410A-8AF2-90D160F51093} = {5F87C659-C7C3-4150-9613-15381CB0AF0C}
		{E3E5AC87-148A-4A81-96AC-B5F60BB6BBFA} = {48D6981F-2066-410A-8AF2-90D160F51093}
		{33B261E9-E27B-407A-98C8-B50D022D619E} = {5F87C659-C7C3-4150-9613-15381CB0AF0C}
		{246B1BF7-EC7D-4525-AAAE-E3E3F82816AF} = {0520B85E-47A9-4249-9D5D-ACC78281ABF5}
		{1B72CDAA-D4C5-438E-A8B0-0501E9265C7C} = {6574FE87-99B6-45EB-971E-A4CFB611700E}
		{BEA2CA40-56A1-42C8-A68C-C7BFFF6FC392} = {0520B85E-47A9-4249-9D5D-ACC78281ABF5}
		{650C94F0-01BC-4445-852F-F4F6C7ED24B8} = {5F87C659-C7C3-4150-9613-15381CB0AF0C}
		{61D88673-1BA4-4C5E-8DC8-28ED3AFD8EA2} = {0520B85E-47A9-4249-9D5D-ACC78281ABF5}
		{1EABD438-4107-46C5-BA35-7B4BD244C05A} = {6574FE87-99B6-45EB-971E-A4CFB611700E}
		{E5DD7B09-8D35-46DF-9EAF-171D024679F2} = {5F87C659-C7C3-4150-9613-15381CB0AF0C}
		{E6FDF94B-19C6-41B7-94E3-A22EAF9838A1} = {5F87C659-C7C3-4150-9613-15381CB0AF0C}
		{B5D6987B-DE23-431A-9A06-8083B91490ED} = {48D6981F-2066-410A-8AF2-90D160F51093}
	EndGlobalSection
EndGlobal
